
Microsoft Visual Studio Solution File, Format Version 12.00
# Visual Studio Version 16
VisualStudioVersion = 16.0.28922.388
MinimumVisualStudioVersion = 10.0.40219.1
Project("{FAE04EC0-301F-11D3-BF4B-00C04F79EFBC}") = "asp.netloginpage", "asp.netloginpage\asp.netloginpage.csproj", "{66E4F4BC-DC9B-4C4B-9A64-E0C7920EE87E}"
EndProject
Global
	GlobalSection(SolutionConfigurationPlatforms) = preSolution
		Debug|Any CPU = Debug|Any CPU
		Release|Any CPU = Release|Any CPU
	EndGlobalSection
	GlobalSection(ProjectConfigurationPlatforms) = postSolution
		{66E4F4BC-DC9B-4C4B-9A64-E0C7920EE87E}.Debug|Any CPU.ActiveCfg = Debug|Any CPU
		{66E4F4BC-DC9B-4C4B-9A64-E0C7920EE87E}.Debug|Any CPU.Build.0 = Debug|Any CPU
		{66E4F4BC-DC9B-4C4B-9A64-E0C7920EE87E}.Release|Any CPU.ActiveCfg = Release|Any CPU
		{66E4F4BC-DC9B-4C4B-9A64-E0C7920EE87E}.Release|Any CPU.Build.0 = Release|Any CPU
	EndGlobalSection
	GlobalSection(SolutionProperties) = preSolution
		HideSolutionNode = FALSE
	EndGlobalSection
	GlobalSection(ExtensibilityGlobals) = postSolution
		SolutionGuid = {686902ED-A07F-4F29-812A-5E3B3627B8D7}
	EndGlobalSection
EndGlobal
